
Microsoft Visual Studio Solution File, Format Version 12.00
# Visual Studio 14
VisualStudioVersion = 14.0.25420.1
MinimumVisualStudioVersion = 10.0.40219.1
Project("{FAE04EC0-301F-11D3-BF4B-00C04F79EFBC}") = "4_Dorado_CentKelFar", "4_Dorado_CentKelFar\4_Dorado_CentKelFar.csproj", "{A40745F9-80BC-46B9-B221-C5713327136A}"
EndProject
Global
	GlobalSection(SolutionConfigurationPlatforms) = preSolution
		Debug|Any CPU = Debug|Any CPU
		Release|Any CPU = Release|Any CPU
	EndGlobalSection
	GlobalSection(ProjectConfigurationPlatforms) = postSolution
		{A40745F9-80BC-46B9-B221-C5713327136A}.Debug|Any CPU.ActiveCfg = Debug|Any CPU
		{A40745F9-80BC-46B9-B221-C5713327136A}.Debug|Any CPU.Build.0 = Debug|Any CPU
		{A40745F9-80BC-46B9-B221-C5713327136A}.Release|Any CPU.ActiveCfg = Release|Any CPU
		{A40745F9-80BC-46B9-B221-C5713327136A}.Release|Any CPU.Build.0 = Release|Any CPU
	EndGlobalSection
	GlobalSection(SolutionProperties) = preSolution
		HideSolutionNode = FALSE
	EndGlobalSection
EndGlobal
